
Microsoft Visual Studio Solution File, Format Version 12.00
# Visual Studio 15
VisualStudioVersion = 15.0.27130.2027
MinimumVisualStudioVersion = 10.0.40219.1
Project("{FAE04EC0-301F-11D3-BF4B-00C04F79EFBC}") = "devTeamScheduler", "devTeamScheduler\devTeamScheduler.csproj", "{98B1CDD9-8031-4EEA-85F8-4274F3C2498B}"
EndProject
Project("{FAE04EC0-301F-11D3-BF4B-00C04F79EFBC}") = "devTeamScheduler.Models", "devTeamScheduler.Models\devTeamScheduler.Models.csproj", "{7A1B5561-1DAE-43DC-B0D9-E0D10E42C060}"
EndProject
Global
	GlobalSection(SolutionConfigurationPlatforms) = preSolution
		Debug|Any CPU = Debug|Any CPU
		Release|Any CPU = Release|Any CPU
	EndGlobalSection
	GlobalSection(ProjectConfigurationPlatforms) = postSolution
		{98B1CDD9-8031-4EEA-85F8-4274F3C2498B}.Debug|Any CPU.ActiveCfg = Debug|Any CPU
		{98B1CDD9-8031-4EEA-85F8-4274F3C2498B}.Debug|Any CPU.Build.0 = Debug|Any CPU
		{98B1CDD9-8031-4EEA-85F8-4274F3C2498B}.Release|Any CPU.ActiveCfg = Release|Any CPU
		{98B1CDD9-8031-4EEA-85F8-4274F3C2498B}.Release|Any CPU.Build.0 = Release|Any CPU
		{7A1B5561-1DAE-43DC-B0D9-E0D10E42C060}.Debug|Any CPU.ActiveCfg = Debug|Any CPU
		{7A1B5561-1DAE-43DC-B0D9-E0D10E42C060}.Debug|Any CPU.Build.0 = Debug|Any CPU
		{7A1B5561-1DAE-43DC-B0D9-E0D10E42C060}.Release|Any CPU.ActiveCfg = Release|Any CPU
		{7A1B5561-1DAE-43DC-B0D9-E0D10E42C060}.Release|Any CPU.Build.0 = Release|Any CPU
	EndGlobalSection
	GlobalSection(SolutionProperties) = preSolution
		HideSolutionNode = FALSE
	EndGlobalSection
	GlobalSection(ExtensibilityGlobals) = postSolution
		SolutionGuid = {437E3B41-38A9-4FB7-A31D-12D5CA86C315}
	EndGlobalSection
EndGlobal
